
Microsoft Visual Studio Solution File, Format Version 12.00
Project("{FAE04EC0-301F-11D3-BF4B-00C04F79EFBC}") = "LODFinals", "LODFinals\LODFinals.csproj", "{A3EF7464-8287-4850-98D2-F5D801CD83F0}"
EndProject
Global
	GlobalSection(SolutionConfigurationPlatforms) = preSolution
		Debug|Any CPU = Debug|Any CPU
		Release|Any CPU = Release|Any CPU
	EndGlobalSection
	GlobalSection(ProjectConfigurationPlatforms) = postSolution
		{A3EF7464-8287-4850-98D2-F5D801CD83F0}.Debug|Any CPU.ActiveCfg = Debug|Any CPU
		{A3EF7464-8287-4850-98D2-F5D801CD83F0}.Debug|Any CPU.Build.0 = Debug|Any CPU
		{A3EF7464-8287-4850-98D2-F5D801CD83F0}.Release|Any CPU.ActiveCfg = Release|Any CPU
		{A3EF7464-8287-4850-98D2-F5D801CD83F0}.Release|Any CPU.Build.0 = Release|Any CPU
	EndGlobalSection
EndGlobal
